
Microsoft Visual Studio Solution File, Format Version 12.00
# Visual Studio 15
VisualStudioVersion = 15.0.27428.2015
MinimumVisualStudioVersion = 10.0.40219.1
Project("{FAE04EC0-301F-11D3-BF4B-00C04F79EFBC}") = "SelfHost", "OwinSelfHostSample\SelfHost.csproj", "{A6674B44-A41F-462D-AAD3-59D2024084DA}"
EndProject
Project("{FAE04EC0-301F-11D3-BF4B-00C04F79EFBC}") = "ClientApp", "ClientApp\ClientApp.csproj", "{5A4339C2-2CDD-475F-BAA8-45236BD04304}"
EndProject
Global
	GlobalSection(SolutionConfigurationPlatforms) = preSolution
		Debug|Any CPU = Debug|Any CPU
		Release|Any CPU = Release|Any CPU
	EndGlobalSection
	GlobalSection(ProjectConfigurationPlatforms) = postSolution
		{A6674B44-A41F-462D-AAD3-59D2024084DA}.Debug|Any CPU.ActiveCfg = Debug|Any CPU
		{A6674B44-A41F-462D-AAD3-59D2024084DA}.Debug|Any CPU.Build.0 = Debug|Any CPU
		{A6674B44-A41F-462D-AAD3-59D2024084DA}.Release|Any CPU.ActiveCfg = Release|Any CPU
		{A6674B44-A41F-462D-AAD3-59D2024084DA}.Release|Any CPU.Build.0 = Release|Any CPU
		{5A4339C2-2CDD-475F-BAA8-45236BD04304}.Debug|Any CPU.ActiveCfg = Debug|Any CPU
		{5A4339C2-2CDD-475F-BAA8-45236BD04304}.Debug|Any CPU.Build.0 = Debug|Any CPU
		{5A4339C2-2CDD-475F-BAA8-45236BD04304}.Release|Any CPU.ActiveCfg = Release|Any CPU
		{5A4339C2-2CDD-475F-BAA8-45236BD04304}.Release|Any CPU.Build.0 = Release|Any CPU
	EndGlobalSection
	GlobalSection(SolutionProperties) = preSolution
		HideSolutionNode = FALSE
	EndGlobalSection
	GlobalSection(ExtensibilityGlobals) = postSolution
		SolutionGuid = {AA86C471-4DA2-4F31-A45F-7B3919B27D79}
	EndGlobalSection
EndGlobal
